// !$*UTF8*$!
{
	archiveVersion = 1;
	classes = {
	};
	objectVersion = 52;
	objects = {

/* Begin PBXBuildFile section */
		958D5A982BEB3DE60078DDA8 /* Account.swift in Sources */ = {isa = PBXBuildFile; fileRef = 958D5A972BEB3DE60078DDA8 /* Account.swift */; };
		C122D96A2BEB28AB00E3C89E /* ThanhVienCongViecCell.swift in Sources */ = {isa = PBXBuildFile; fileRef = C122D9692BEB28AB00E3C89E /* ThanhVienCongViecCell.swift */; };
		C122D9752BEB2A6200E3C89E /* CapNhatThongTinController.swift in Sources */ = {isa = PBXBuildFile; fileRef = C122D9732BEB2A6100E3C89E /* CapNhatThongTinController.swift */; };
		C122D97A2BEB2ABF00E3C89E /* DoiMatKhauController.swift in Sources */ = {isa = PBXBuildFile; fileRef = C122D9792BEB2ABF00E3C89E /* DoiMatKhauController.swift */; };
		C13AAC1B2BE259EC003927AB /* Notification.swift in Sources */ = {isa = PBXBuildFile; fileRef = C13AAC1A2BE259EC003927AB /* Notification.swift */; };
		C146F8992BE0F11A00F68394 /* ThanhVienGroupCell.swift in Sources */ = {isa = PBXBuildFile; fileRef = C146F8982BE0F11A00F68394 /* ThanhVienGroupCell.swift */; };
		C146F89C2BE0F41600F68394 /* Profile.swift in Sources */ = {isa = PBXBuildFile; fileRef = C146F89B2BE0F41600F68394 /* Profile.swift */; };
		C19343C72BD79B0C009217CF /* GoogleService-Info.plist in Resources */ = {isa = PBXBuildFile; fileRef = C19343C62BD79B0C009217CF /* GoogleService-Info.plist */; };
		C19343CB2BD79D4A009217CF /* FirebaseAnalytics in Frameworks */ = {isa = PBXBuildFile; productRef = C19343CA2BD79D4A009217CF /* FirebaseAnalytics */; };
		C19343CD2BD79D4A009217CF /* FirebaseStorage in Frameworks */ = {isa = PBXBuildFile; productRef = C19343CC2BD79D4A009217CF /* FirebaseStorage */; };
		C19343CF2BD79D4A009217CF /* FirebaseAuth in Frameworks */ = {isa = PBXBuildFile; productRef = C19343CE2BD79D4A009217CF /* FirebaseAuth */; };
		C19343D12BD79D4A009217CF /* FirebaseFirestore in Frameworks */ = {isa = PBXBuildFile; productRef = C19343D02BD79D4A009217CF /* FirebaseFirestore */; };
		C19343D32BD79D4A009217CF /* FirebaseDatabase in Frameworks */ = {isa = PBXBuildFile; productRef = C19343D22BD79D4A009217CF /* FirebaseDatabase */; };
		C19343D62BD7A673009217CF /* Group.swift in Sources */ = {isa = PBXBuildFile; fileRef = C19343D52BD7A673009217CF /* Group.swift */; };
		C1A0C2EC2BD4BAA500BD78BA /* AppDelegate.swift in Sources */ = {isa = PBXBuildFile; fileRef = C1A0C2EB2BD4BAA500BD78BA /* AppDelegate.swift */; };
		C1A0C2EE2BD4BAA500BD78BA /* SceneDelegate.swift in Sources */ = {isa = PBXBuildFile; fileRef = C1A0C2ED2BD4BAA500BD78BA /* SceneDelegate.swift */; };
		C1A0C2F32BD4BAA500BD78BA /* Main.storyboard in Resources */ = {isa = PBXBuildFile; fileRef = C1A0C2F12BD4BAA500BD78BA /* Main.storyboard */; };
		C1A0C2F52BD4BAA800BD78BA /* Assets.xcassets in Resources */ = {isa = PBXBuildFile; fileRef = C1A0C2F42BD4BAA800BD78BA /* Assets.xcassets */; };
		C1A0C2F82BD4BAA800BD78BA /* LaunchScreen.storyboard in Resources */ = {isa = PBXBuildFile; fileRef = C1A0C2F62BD4BAA800BD78BA /* LaunchScreen.storyboard */; };
		C1A0C3062BD4BC4600BD78BA /* DangNhapController.swift in Sources */ = {isa = PBXBuildFile; fileRef = C1A0C3052BD4BC4600BD78BA /* DangNhapController.swift */; };
		C1A0C30A2BD4BC5700BD78BA /* DangKyController.swift in Sources */ = {isa = PBXBuildFile; fileRef = C1A0C3092BD4BC5700BD78BA /* DangKyController.swift */; };
		C1A0C3122BD4C2AE00BD78BA /* DisplayManagerController.swift in Sources */ = {isa = PBXBuildFile; fileRef = C1A0C3112BD4C2AE00BD78BA /* DisplayManagerController.swift */; };
		C1A0C3152BD4C66100BD78BA /* NhomController.swift in Sources */ = {isa = PBXBuildFile; fileRef = C1A0C3142BD4C66100BD78BA /* NhomController.swift */; };
		C1A0C3182BD4C67700BD78BA /* CongViecController.swift in Sources */ = {isa = PBXBuildFile; fileRef = C1A0C3172BD4C67700BD78BA /* CongViecController.swift */; };
		C1A0C31B2BD4C68800BD78BA /* ThongBaoController.swift in Sources */ = {isa = PBXBuildFile; fileRef = C1A0C31A2BD4C68800BD78BA /* ThongBaoController.swift */; };
		C1A0C31E2BD4C69700BD78BA /* CaNhanController.swift in Sources */ = {isa = PBXBuildFile; fileRef = C1A0C31D2BD4C69700BD78BA /* CaNhanController.swift */; };
		C1A0C3212BD4CB4800BD78BA /* TaoNhomController.swift in Sources */ = {isa = PBXBuildFile; fileRef = C1A0C3202BD4CB4800BD78BA /* TaoNhomController.swift */; };
		C1A0C3252BD4CE4200BD78BA /* NhomCell.swift in Sources */ = {isa = PBXBuildFile; fileRef = C1A0C3242BD4CE4200BD78BA /* NhomCell.swift */; };
		C1A0C32A2BD4E0F900BD78BA /* DuAnController.swift in Sources */ = {isa = PBXBuildFile; fileRef = C1A0C3292BD4E0F800BD78BA /* DuAnController.swift */; };
		C1A0C32D2BD4EA4800BD78BA /* DuAnCell.swift in Sources */ = {isa = PBXBuildFile; fileRef = C1A0C32C2BD4EA4800BD78BA /* DuAnCell.swift */; };
		C1A0C3302BD4EA5D00BD78BA /* ThanhVienCell.swift in Sources */ = {isa = PBXBuildFile; fileRef = C1A0C32F2BD4EA5D00BD78BA /* ThanhVienCell.swift */; };
		C1B44FE92BD7563E00996CA6 /* ExtensionClass.swift in Sources */ = {isa = PBXBuildFile; fileRef = C1B44FE82BD7563E00996CA6 /* ExtensionClass.swift */; };
		C1B44FED2BD7566400996CA6 /* Enum.swift in Sources */ = {isa = PBXBuildFile; fileRef = C1B44FEC2BD7566400996CA6 /* Enum.swift */; };
		C1BA55A12BEA0F5B00424D53 /* XacNhanThamGiaNhomCell.swift in Sources */ = {isa = PBXBuildFile; fileRef = C1BA55A02BEA0F5B00424D53 /* XacNhanThamGiaNhomCell.swift */; };
		C1E521762BD76F97009F5665 /* CongViecCaNhanCell.swift in Sources */ = {isa = PBXBuildFile; fileRef = C1E521752BD76F97009F5665 /* CongViecCaNhanCell.swift */; };
		C1E521792BD78BC7009F5665 /* TaoDuAnController.swift in Sources */ = {isa = PBXBuildFile; fileRef = C1E521782BD78BC7009F5665 /* TaoDuAnController.swift */; };
		C1E7AEF62BDF612000170EC7 /* CongViec.swift in Sources */ = {isa = PBXBuildFile; fileRef = C1E7AEF52BDF612000170EC7 /* CongViec.swift */; };
		C1E7AEFB2BDF62FC00170EC7 /* DangCanCell.swift in Sources */ = {isa = PBXBuildFile; fileRef = C1E7AEF92BDF62FC00170EC7 /* DangCanCell.swift */; };
		C1E7AEFC2BDF62FC00170EC7 /* ChotCell.swift in Sources */ = {isa = PBXBuildFile; fileRef = C1E7AEFA2BDF62FC00170EC7 /* ChotCell.swift */; };
		C1E7AEFF2BDF632200170EC7 /* TaoCongViecController.swift in Sources */ = {isa = PBXBuildFile; fileRef = C1E7AEFE2BDF632200170EC7 /* TaoCongViecController.swift */; };
		C1E7AF022BDF6BFB00170EC7 /* Deadline.swift in Sources */ = {isa = PBXBuildFile; fileRef = C1E7AF012BDF6BFB00170EC7 /* Deadline.swift */; };
		C1EC26E92BDA3A4600FFAF50 /* Job.swift in Sources */ = {isa = PBXBuildFile; fileRef = C1EC26E82BDA3A4500FFAF50 /* Job.swift */; };
		C1EE84F92BD4F55D00547392 /* CongViecCell.swift in Sources */ = {isa = PBXBuildFile; fileRef = C1EE84F82BD4F55D00547392 /* CongViecCell.swift */; };
		C1EE84FC2BD4F57C00547392 /* DanhSachCongViecController.swift in Sources */ = {isa = PBXBuildFile; fileRef = C1EE84FB2BD4F57C00547392 /* DanhSachCongViecController.swift */; };
		C1EE84FF2BD4F7EA00547392 /* ChiTietCongViecController.swift in Sources */ = {isa = PBXBuildFile; fileRef = C1EE84FE2BD4F7EA00547392 /* ChiTietCongViecController.swift */; };
		C1EE85022BD4FCB700547392 /* FragmentChiTietCongViecController.swift in Sources */ = {isa = PBXBuildFile; fileRef = C1EE85012BD4FCB700547392 /* FragmentChiTietCongViecController.swift */; };
		C1EE85052BD4FDDB00547392 /* FragmentThanhVienCongViecController.swift in Sources */ = {isa = PBXBuildFile; fileRef = C1EE85042BD4FDDB00547392 /* FragmentThanhVienCongViecController.swift */; };
/* End PBXBuildFile section */

/* Begin PBXFileReference section */
		958D5A972BEB3DE60078DDA8 /* Account.swift */ = {isa = PBXFileReference; lastKnownFileType = sourcecode.swift; path = Account.swift; sourceTree = "<group>"; };
		C122D9692BEB28AB00E3C89E /* ThanhVienCongViecCell.swift */ = {isa = PBXFileReference; fileEncoding = 4; lastKnownFileType = sourcecode.swift; path = ThanhVienCongViecCell.swift; sourceTree = "<group>"; };
		C122D9732BEB2A6100E3C89E /* CapNhatThongTinController.swift */ = {isa = PBXFileReference; fileEncoding = 4; lastKnownFileType = sourcecode.swift; path = CapNhatThongTinController.swift; sourceTree = "<group>"; };
		C122D9792BEB2ABF00E3C89E /* DoiMatKhauController.swift */ = {isa = PBXFileReference; fileEncoding = 4; lastKnownFileType = sourcecode.swift; path = DoiMatKhauController.swift; sourceTree = "<group>"; };
		C13AAC1A2BE259EC003927AB /* Notification.swift */ = {isa = PBXFileReference; lastKnownFileType = sourcecode.swift; path = Notification.swift; sourceTree = "<group>"; };
		C146F8982BE0F11A00F68394 /* ThanhVienGroupCell.swift */ = {isa = PBXFileReference; lastKnownFileType = sourcecode.swift; path = ThanhVienGroupCell.swift; sourceTree = "<group>"; };
		C146F89B2BE0F41600F68394 /* Profile.swift */ = {isa = PBXFileReference; lastKnownFileType = sourcecode.swift; path = Profile.swift; sourceTree = "<group>"; };
		C19343C62BD79B0C009217CF /* GoogleService-Info.plist */ = {isa = PBXFileReference; fileEncoding = 4; lastKnownFileType = text.plist.xml; path = "GoogleService-Info.plist"; sourceTree = "<group>"; };
		C19343D52BD7A673009217CF /* Group.swift */ = {isa = PBXFileReference; lastKnownFileType = sourcecode.swift; path = Group.swift; sourceTree = "<group>"; };
		C1A0C2E82BD4BAA500BD78BA /* GroupManager.app */ = {isa = PBXFileReference; explicitFileType = wrapper.application; includeInIndex = 0; path = GroupManager.app; sourceTree = BUILT_PRODUCTS_DIR; };
		C1A0C2EB2BD4BAA500BD78BA /* AppDelegate.swift */ = {isa = PBXFileReference; lastKnownFileType = sourcecode.swift; path = AppDelegate.swift; sourceTree = "<group>"; };
		C1A0C2ED2BD4BAA500BD78BA /* SceneDelegate.swift */ = {isa = PBXFileReference; lastKnownFileType = sourcecode.swift; path = SceneDelegate.swift; sourceTree = "<group>"; };
		C1A0C2F22BD4BAA500BD78BA /* Base */ = {isa = PBXFileReference; lastKnownFileType = file.storyboard; name = Base; path = Base.lproj/Main.storyboard; sourceTree = "<group>"; };
		C1A0C2F42BD4BAA800BD78BA /* Assets.xcassets */ = {isa = PBXFileReference; lastKnownFileType = folder.assetcatalog; path = Assets.xcassets; sourceTree = "<group>"; };
		C1A0C2F72BD4BAA800BD78BA /* Base */ = {isa = PBXFileReference; lastKnownFileType = file.storyboard; name = Base; path = Base.lproj/LaunchScreen.storyboard; sourceTree = "<group>"; };
		C1A0C2F92BD4BAA800BD78BA /* Info.plist */ = {isa = PBXFileReference; lastKnownFileType = text.plist.xml; path = Info.plist; sourceTree = "<group>"; };
		C1A0C3052BD4BC4600BD78BA /* DangNhapController.swift */ = {isa = PBXFileReference; lastKnownFileType = sourcecode.swift; path = DangNhapController.swift; sourceTree = "<group>"; };
		C1A0C3092BD4BC5700BD78BA /* DangKyController.swift */ = {isa = PBXFileReference; lastKnownFileType = sourcecode.swift; path = DangKyController.swift; sourceTree = "<group>"; };
		C1A0C3112BD4C2AE00BD78BA /* DisplayManagerController.swift */ = {isa = PBXFileReference; lastKnownFileType = sourcecode.swift; path = DisplayManagerController.swift; sourceTree = "<group>"; };
		C1A0C3142BD4C66100BD78BA /* NhomController.swift */ = {isa = PBXFileReference; lastKnownFileType = sourcecode.swift; path = NhomController.swift; sourceTree = "<group>"; };
		C1A0C3172BD4C67700BD78BA /* CongViecController.swift */ = {isa = PBXFileReference; lastKnownFileType = sourcecode.swift; path = CongViecController.swift; sourceTree = "<group>"; };
		C1A0C31A2BD4C68800BD78BA /* ThongBaoController.swift */ = {isa = PBXFileReference; lastKnownFileType = sourcecode.swift; path = ThongBaoController.swift; sourceTree = "<group>"; };
		C1A0C31D2BD4C69700BD78BA /* CaNhanController.swift */ = {isa = PBXFileReference; lastKnownFileType = sourcecode.swift; path = CaNhanController.swift; sourceTree = "<group>"; };
		C1A0C3202BD4CB4800BD78BA /* TaoNhomController.swift */ = {isa = PBXFileReference; lastKnownFileType = sourcecode.swift; path = TaoNhomController.swift; sourceTree = "<group>"; };
		C1A0C3242BD4CE4200BD78BA /* NhomCell.swift */ = {isa = PBXFileReference; lastKnownFileType = sourcecode.swift; path = NhomCell.swift; sourceTree = "<group>"; };
		C1A0C3292BD4E0F800BD78BA /* DuAnController.swift */ = {isa = PBXFileReference; lastKnownFileType = sourcecode.swift; path = DuAnController.swift; sourceTree = "<group>"; };
		C1A0C32C2BD4EA4800BD78BA /* DuAnCell.swift */ = {isa = PBXFileReference; lastKnownFileType = sourcecode.swift; path = DuAnCell.swift; sourceTree = "<group>"; };
		C1A0C32F2BD4EA5D00BD78BA /* ThanhVienCell.swift */ = {isa = PBXFileReference; lastKnownFileType = sourcecode.swift; path = ThanhVienCell.swift; sourceTree = "<group>"; };
		C1B44FE82BD7563E00996CA6 /* ExtensionClass.swift */ = {isa = PBXFileReference; lastKnownFileType = sourcecode.swift; path = ExtensionClass.swift; sourceTree = "<group>"; };
		C1B44FEC2BD7566400996CA6 /* Enum.swift */ = {isa = PBXFileReference; lastKnownFileType = sourcecode.swift; path = Enum.swift; sourceTree = "<group>"; };
		C1BA55A02BEA0F5B00424D53 /* XacNhanThamGiaNhomCell.swift */ = {isa = PBXFileReference; lastKnownFileType = sourcecode.swift; path = XacNhanThamGiaNhomCell.swift; sourceTree = "<group>"; };
		C1E521752BD76F97009F5665 /* CongViecCaNhanCell.swift */ = {isa = PBXFileReference; lastKnownFileType = sourcecode.swift; path = CongViecCaNhanCell.swift; sourceTree = "<group>"; };
		C1E521782BD78BC7009F5665 /* TaoDuAnController.swift */ = {isa = PBXFileReference; lastKnownFileType = sourcecode.swift; path = TaoDuAnController.swift; sourceTree = "<group>"; };
		C1E7AEF52BDF612000170EC7 /* CongViec.swift */ = {isa = PBXFileReference; fileEncoding = 4; lastKnownFileType = sourcecode.swift; path = CongViec.swift; sourceTree = "<group>"; };
		C1E7AEF92BDF62FC00170EC7 /* DangCanCell.swift */ = {isa = PBXFileReference; fileEncoding = 4; lastKnownFileType = sourcecode.swift; path = DangCanCell.swift; sourceTree = "<group>"; };
		C1E7AEFA2BDF62FC00170EC7 /* ChotCell.swift */ = {isa = PBXFileReference; fileEncoding = 4; lastKnownFileType = sourcecode.swift; path = ChotCell.swift; sourceTree = "<group>"; };
		C1E7AEFE2BDF632200170EC7 /* TaoCongViecController.swift */ = {isa = PBXFileReference; fileEncoding = 4; lastKnownFileType = sourcecode.swift; path = TaoCongViecController.swift; sourceTree = "<group>"; };
		C1E7AF012BDF6BFB00170EC7 /* Deadline.swift */ = {isa = PBXFileReference; lastKnownFileType = sourcecode.swift; path = Deadline.swift; sourceTree = "<group>"; };
		C1EC26E82BDA3A4500FFAF50 /* Job.swift */ = {isa = PBXFileReference; lastKnownFileType = sourcecode.swift; path = Job.swift; sourceTree = "<group>"; };
		C1EE84F82BD4F55D00547392 /* CongViecCell.swift */ = {isa = PBXFileReference; lastKnownFileType = sourcecode.swift; path = CongViecCell.swift; sourceTree = "<group>"; };
		C1EE84FB2BD4F57C00547392 /* DanhSachCongViecController.swift */ = {isa = PBXFileReference; lastKnownFileType = sourcecode.swift; path = DanhSachCongViecController.swift; sourceTree = "<group>"; };
		C1EE84FE2BD4F7EA00547392 /* ChiTietCongViecController.swift */ = {isa = PBXFileReference; lastKnownFileType = sourcecode.swift; path = ChiTietCongViecController.swift; sourceTree = "<group>"; };
		C1EE85012BD4FCB700547392 /* FragmentChiTietCongViecController.swift */ = {isa = PBXFileReference; lastKnownFileType = sourcecode.swift; path = FragmentChiTietCongViecController.swift; sourceTree = "<group>"; };
		C1EE85042BD4FDDB00547392 /* FragmentThanhVienCongViecController.swift */ = {isa = PBXFileReference; lastKnownFileType = sourcecode.swift; path = FragmentThanhVienCongViecController.swift; sourceTree = "<group>"; };
/* End PBXFileReference section */

/* Begin PBXFrameworksBuildPhase section */
		C1A0C2E52BD4BAA500BD78BA /* Frameworks */ = {
			isa = PBXFrameworksBuildPhase;
			buildActionMask = 2147483647;
			files = (
				C19343D32BD79D4A009217CF /* FirebaseDatabase in Frameworks */,
				C19343CB2BD79D4A009217CF /* FirebaseAnalytics in Frameworks */,
				C19343D12BD79D4A009217CF /* FirebaseFirestore in Frameworks */,
				C19343CF2BD79D4A009217CF /* FirebaseAuth in Frameworks */,
				C19343CD2BD79D4A009217CF /* FirebaseStorage in Frameworks */,
			);
			runOnlyForDeploymentPostprocessing = 0;
		};
/* End PBXFrameworksBuildPhase section */

/* Begin PBXGroup section */
		C1045BE02BD6297700B89F5D /* Models */ = {
			isa = PBXGroup;
			children = (
				C1E7AEF52BDF612000170EC7 /* CongViec.swift */,
				C19343D52BD7A673009217CF /* Group.swift */,
				C1EC26E82BDA3A4500FFAF50 /* Job.swift */,
				C1E7AF012BDF6BFB00170EC7 /* Deadline.swift */,
				C146F89B2BE0F41600F68394 /* Profile.swift */,
				C13AAC1A2BE259EC003927AB /* Notification.swift */,
				958D5A972BEB3DE60078DDA8 /* Account.swift */,
			);
			name = Models;
			sourceTree = "<group>";
		};
		C1A0C2DF2BD4BAA500BD78BA = {
			isa = PBXGroup;
			children = (
				C1A0C2EA2BD4BAA500BD78BA /* GroupManager */,
				C1A0C2E92BD4BAA500BD78BA /* Products */,
			);
			sourceTree = "<group>";
		};
		C1A0C2E92BD4BAA500BD78BA /* Products */ = {
			isa = PBXGroup;
			children = (
				C1A0C2E82BD4BAA500BD78BA /* GroupManager.app */,
			);
			name = Products;
			sourceTree = "<group>";
		};
		C1A0C2EA2BD4BAA500BD78BA /* GroupManager */ = {
			isa = PBXGroup;
			children = (
				C19343C62BD79B0C009217CF /* GoogleService-Info.plist */,
				C1B44FE62BD7560F00996CA6 /* Resource */,
				C1045BE02BD6297700B89F5D /* Models */,
				C1A0C3232BD4CE2700BD78BA /* Cells */,
				C1A0C3032BD4BC0C00BD78BA /* Controllers */,
				C1A0C3002BD4BAE900BD78BA /* SystemFiles */,
				C1A0C2F12BD4BAA500BD78BA /* Main.storyboard */,
			);
			path = GroupManager;
			sourceTree = "<group>";
		};
		C1A0C3002BD4BAE900BD78BA /* SystemFiles */ = {
			isa = PBXGroup;
			children = (
				C1A0C2EB2BD4BAA500BD78BA /* AppDelegate.swift */,
				C1A0C2ED2BD4BAA500BD78BA /* SceneDelegate.swift */,
				C1A0C2F42BD4BAA800BD78BA /* Assets.xcassets */,
				C1A0C2F62BD4BAA800BD78BA /* LaunchScreen.storyboard */,
				C1A0C2F92BD4BAA800BD78BA /* Info.plist */,
			);
			name = SystemFiles;
			sourceTree = "<group>";
		};
		C1A0C3032BD4BC0C00BD78BA /* Controllers */ = {
			isa = PBXGroup;
			children = (
				C1A0C3042BD4BC1E00BD78BA /* MainActivity */,
				C1A0C3052BD4BC4600BD78BA /* DangNhapController.swift */,
				C1A0C3092BD4BC5700BD78BA /* DangKyController.swift */,
			);
			name = Controllers;
			sourceTree = "<group>";
		};
		C1A0C3042BD4BC1E00BD78BA /* MainActivity */ = {
			isa = PBXGroup;
			children = (
				C122D9792BEB2ABF00E3C89E /* DoiMatKhauController.swift */,
				C1E7AEFE2BDF632200170EC7 /* TaoCongViecController.swift */,
				C1A0C3112BD4C2AE00BD78BA /* DisplayManagerController.swift */,
				C1A0C3142BD4C66100BD78BA /* NhomController.swift */,
				C122D9732BEB2A6100E3C89E /* CapNhatThongTinController.swift */,
				C1A0C3172BD4C67700BD78BA /* CongViecController.swift */,
				C1A0C31A2BD4C68800BD78BA /* ThongBaoController.swift */,
				C1A0C31D2BD4C69700BD78BA /* CaNhanController.swift */,
				C1A0C3202BD4CB4800BD78BA /* TaoNhomController.swift */,
				C1A0C3292BD4E0F800BD78BA /* DuAnController.swift */,
				C1EE84FB2BD4F57C00547392 /* DanhSachCongViecController.swift */,
				C1EE84FE2BD4F7EA00547392 /* ChiTietCongViecController.swift */,
				C1EE85012BD4FCB700547392 /* FragmentChiTietCongViecController.swift */,
				C1EE85042BD4FDDB00547392 /* FragmentThanhVienCongViecController.swift */,
				C1E521782BD78BC7009F5665 /* TaoDuAnController.swift */,
			);
			name = MainActivity;
			sourceTree = "<group>";
		};
		C1A0C3232BD4CE2700BD78BA /* Cells */ = {
			isa = PBXGroup;
			children = (
				C122D9692BEB28AB00E3C89E /* ThanhVienCongViecCell.swift */,
				C1E7AEFA2BDF62FC00170EC7 /* ChotCell.swift */,
				C1E7AEF92BDF62FC00170EC7 /* DangCanCell.swift */,
				C1A0C3242BD4CE4200BD78BA /* NhomCell.swift */,
				C1A0C32C2BD4EA4800BD78BA /* DuAnCell.swift */,
				C1A0C32F2BD4EA5D00BD78BA /* ThanhVienCell.swift */,
				C1EE84F82BD4F55D00547392 /* CongViecCell.swift */,
				C1E521752BD76F97009F5665 /* CongViecCaNhanCell.swift */,
				C146F8982BE0F11A00F68394 /* ThanhVienGroupCell.swift */,
				C1BA55A02BEA0F5B00424D53 /* XacNhanThamGiaNhomCell.swift */,
			);
			name = Cells;
			sourceTree = "<group>";
		};
		C1B44FE62BD7560F00996CA6 /* Resource */ = {
			isa = PBXGroup;
			children = (
				C1B44FE82BD7563E00996CA6 /* ExtensionClass.swift */,
				C1B44FEC2BD7566400996CA6 /* Enum.swift */,
			);
			name = Resource;
			sourceTree = "<group>";
		};
/* End PBXGroup section */

/* Begin PBXNativeTarget section */
		C1A0C2E72BD4BAA500BD78BA /* GroupManager */ = {
			isa = PBXNativeTarget;
			buildConfigurationList = C1A0C2FC2BD4BAA800BD78BA /* Build configuration list for PBXNativeTarget "GroupManager" */;
			buildPhases = (
				C1A0C2E42BD4BAA500BD78BA /* Sources */,
				C1A0C2E52BD4BAA500BD78BA /* Frameworks */,
				C1A0C2E62BD4BAA500BD78BA /* Resources */,
			);
			buildRules = (
			);
			dependencies = (
			);
			name = GroupManager;
			packageProductDependencies = (
				C19343CA2BD79D4A009217CF /* FirebaseAnalytics */,
				C19343CC2BD79D4A009217CF /* FirebaseStorage */,
				C19343CE2BD79D4A009217CF /* FirebaseAuth */,
				C19343D02BD79D4A009217CF /* FirebaseFirestore */,
				C19343D22BD79D4A009217CF /* FirebaseDatabase */,
			);
			productName = GroupManager;
			productReference = C1A0C2E82BD4BAA500BD78BA /* GroupManager.app */;
			productType = "com.apple.product-type.application";
		};
/* End PBXNativeTarget section */

/* Begin PBXProject section */
		C1A0C2E02BD4BAA500BD78BA /* Project object */ = {
			isa = PBXProject;
			attributes = {
				LastSwiftUpdateCheck = 1240;
				LastUpgradeCheck = 1240;
				TargetAttributes = {
					C1A0C2E72BD4BAA500BD78BA = {
						CreatedOnToolsVersion = 12.4;
					};
				};
			};
			buildConfigurationList = C1A0C2E32BD4BAA500BD78BA /* Build configuration list for PBXProject "GroupManager" */;
			compatibilityVersion = "Xcode 9.3";
			developmentRegion = en;
			hasScannedForEncodings = 0;
			knownRegions = (
				en,
				Base,
			);
			mainGroup = C1A0C2DF2BD4BAA500BD78BA;
			packageReferences = (
				C19343C92BD79D4A009217CF /* XCRemoteSwiftPackageReference "firebase-ios-sdk" */,
			);
			productRefGroup = C1A0C2E92BD4BAA500BD78BA /* Products */;
			projectDirPath = "";
			projectRoot = "";
			targets = (
				C1A0C2E72BD4BAA500BD78BA /* GroupManager */,
			);
		};
/* End PBXProject section */

/* Begin PBXResourcesBuildPhase section */
		C1A0C2E62BD4BAA500BD78BA /* Resources */ = {
			isa = PBXResourcesBuildPhase;
			buildActionMask = 2147483647;
			files = (
				C1A0C2F82BD4BAA800BD78BA /* LaunchScreen.storyboard in Resources */,
				C19343C72BD79B0C009217CF /* GoogleService-Info.plist in Resources */,
				C1A0C2F52BD4BAA800BD78BA /* Assets.xcassets in Resources */,
				C1A0C2F32BD4BAA500BD78BA /* Main.storyboard in Resources */,
			);
			runOnlyForDeploymentPostprocessing = 0;
		};
/* End PBXResourcesBuildPhase section */

/* Begin PBXSourcesBuildPhase section */
		C1A0C2E42BD4BAA500BD78BA /* Sources */ = {
			isa = PBXSourcesBuildPhase;
			buildActionMask = 2147483647;
			files = (
				C1A0C30A2BD4BC5700BD78BA /* DangKyController.swift in Sources */,
				C1A0C3302BD4EA5D00BD78BA /* ThanhVienCell.swift in Sources */,
				C1EE85022BD4FCB700547392 /* FragmentChiTietCongViecController.swift in Sources */,
				C1B44FE92BD7563E00996CA6 /* ExtensionClass.swift in Sources */,
				C1B44FED2BD7566400996CA6 /* Enum.swift in Sources */,
				C1BA55A12BEA0F5B00424D53 /* XacNhanThamGiaNhomCell.swift in Sources */,
				C1EE84F92BD4F55D00547392 /* CongViecCell.swift in Sources */,
				C1A0C3062BD4BC4600BD78BA /* DangNhapController.swift in Sources */,
				C1EE84FC2BD4F57C00547392 /* DanhSachCongViecController.swift in Sources */,
				C13AAC1B2BE259EC003927AB /* Notification.swift in Sources */,
				C1A0C3252BD4CE4200BD78BA /* NhomCell.swift in Sources */,
				C19343D62BD7A673009217CF /* Group.swift in Sources */,
				C1A0C31B2BD4C68800BD78BA /* ThongBaoController.swift in Sources */,
				C1E7AEFC2BDF62FC00170EC7 /* ChotCell.swift in Sources */,
				C1E521762BD76F97009F5665 /* CongViecCaNhanCell.swift in Sources */,
				C1E7AF022BDF6BFB00170EC7 /* Deadline.swift in Sources */,
				C1A0C2EC2BD4BAA500BD78BA /* AppDelegate.swift in Sources */,
				958D5A982BEB3DE60078DDA8 /* Account.swift in Sources */,
				C1EE84FF2BD4F7EA00547392 /* ChiTietCongViecController.swift in Sources */,
				C1A0C32A2BD4E0F900BD78BA /* DuAnController.swift in Sources */,
				C1A0C2EE2BD4BAA500BD78BA /* SceneDelegate.swift in Sources */,
				C122D9752BEB2A6200E3C89E /* CapNhatThongTinController.swift in Sources */,
				C146F8992BE0F11A00F68394 /* ThanhVienGroupCell.swift in Sources */,
				C1EE85052BD4FDDB00547392 /* FragmentThanhVienCongViecController.swift in Sources */,
				C1EC26E92BDA3A4600FFAF50 /* Job.swift in Sources */,
				C1E7AEFB2BDF62FC00170EC7 /* DangCanCell.swift in Sources */,
				C1A0C31E2BD4C69700BD78BA /* CaNhanController.swift in Sources */,
				C1E7AEFF2BDF632200170EC7 /* TaoCongViecController.swift in Sources */,
				C1A0C32D2BD4EA4800BD78BA /* DuAnCell.swift in Sources */,
				C146F89C2BE0F41600F68394 /* Profile.swift in Sources */,
				C1E521792BD78BC7009F5665 /* TaoDuAnController.swift in Sources */,
				C1E7AEF62BDF612000170EC7 /* CongViec.swift in Sources */,
				C1A0C3182BD4C67700BD78BA /* CongViecController.swift in Sources */,
				C1A0C3122BD4C2AE00BD78BA /* DisplayManagerController.swift in Sources */,
				C1A0C3152BD4C66100BD78BA /* NhomController.swift in Sources */,
				C122D97A2BEB2ABF00E3C89E /* DoiMatKhauController.swift in Sources */,
				C122D96A2BEB28AB00E3C89E /* ThanhVienCongViecCell.swift in Sources */,
				C1A0C3212BD4CB4800BD78BA /* TaoNhomController.swift in Sources */,
			);
			runOnlyForDeploymentPostprocessing = 0;
		};
/* End PBXSourcesBuildPhase section */

/* Begin PBXVariantGroup section */
		C1A0C2F12BD4BAA500BD78BA /* Main.storyboard */ = {
			isa = PBXVariantGroup;
			children = (
				C1A0C2F22BD4BAA500BD78BA /* Base */,
			);
			name = Main.storyboard;
			sourceTree = "<group>";
		};
		C1A0C2F62BD4BAA800BD78BA /* LaunchScreen.storyboard */ = {
			isa = PBXVariantGroup;
			children = (
				C1A0C2F72BD4BAA800BD78BA /* Base */,
			);
			name = LaunchScreen.storyboard;
			sourceTree = "<group>";
		};
/* End PBXVariantGroup section */

/* Begin XCBuildConfiguration section */
		C1A0C2FA2BD4BAA800BD78BA /* Debug */ = {
			isa = XCBuildConfiguration;
			buildSettings = {
				ALWAYS_SEARCH_USER_PATHS = NO;
				CLANG_ANALYZER_NONNULL = YES;
				CLANG_ANALYZER_NUMBER_OBJECT_CONVERSION = YES_AGGRESSIVE;
				CLANG_CXX_LANGUAGE_STANDARD = "gnu++14";
				CLANG_CXX_LIBRARY = "libc++";
				CLANG_ENABLE_MODULES = YES;
				CLANG_ENABLE_OBJC_ARC = YES;
				CLANG_ENABLE_OBJC_WEAK = YES;
				CLANG_WARN_BLOCK_CAPTURE_AUTORELEASING = YES;
				CLANG_WARN_BOOL_CONVERSION = YES;
				CLANG_WARN_COMMA = YES;
				CLANG_WARN_CONSTANT_CONVERSION = YES;
				CLANG_WARN_DEPRECATED_OBJC_IMPLEMENTATIONS = YES;
				CLANG_WARN_DIRECT_OBJC_ISA_USAGE = YES_ERROR;
				CLANG_WARN_DOCUMENTATION_COMMENTS = YES;
				CLANG_WARN_EMPTY_BODY = YES;
				CLANG_WARN_ENUM_CONVERSION = YES;
				CLANG_WARN_INFINITE_RECURSION = YES;
				CLANG_WARN_INT_CONVERSION = YES;
				CLANG_WARN_NON_LITERAL_NULL_CONVERSION = YES;
				CLANG_WARN_OBJC_IMPLICIT_RETAIN_SELF = YES;
				CLANG_WARN_OBJC_LITERAL_CONVERSION = YES;
				CLANG_WARN_OBJC_ROOT_CLASS = YES_ERROR;
				CLANG_WARN_QUOTED_INCLUDE_IN_FRAMEWORK_HEADER = YES;
				CLANG_WARN_RANGE_LOOP_ANALYSIS = YES;
				CLANG_WARN_STRICT_PROTOTYPES = YES;
				CLANG_WARN_SUSPICIOUS_MOVE = YES;
				CLANG_WARN_UNGUARDED_AVAILABILITY = YES_AGGRESSIVE;
				CLANG_WARN_UNREACHABLE_CODE = YES;
				CLANG_WARN__DUPLICATE_METHOD_MATCH = YES;
				COPY_PHASE_STRIP = NO;
				DEBUG_INFORMATION_FORMAT = dwarf;
				ENABLE_STRICT_OBJC_MSGSEND = YES;
				ENABLE_TESTABILITY = YES;
				GCC_C_LANGUAGE_STANDARD = gnu11;
				GCC_DYNAMIC_NO_PIC = NO;
				GCC_NO_COMMON_BLOCKS = YES;
				GCC_OPTIMIZATION_LEVEL = 0;
				GCC_PREPROCESSOR_DEFINITIONS = (
					"DEBUG=1",
					"$(inherited)",
				);
				GCC_WARN_64_TO_32_BIT_CONVERSION = YES;
				GCC_WARN_ABOUT_RETURN_TYPE = YES_ERROR;
				GCC_WARN_UNDECLARED_SELECTOR = YES;
				GCC_WARN_UNINITIALIZED_AUTOS = YES_AGGRESSIVE;
				GCC_WARN_UNUSED_FUNCTION = YES;
				GCC_WARN_UNUSED_VARIABLE = YES;
				IPHONEOS_DEPLOYMENT_TARGET = 14.4;
				MTL_ENABLE_DEBUG_INFO = INCLUDE_SOURCE;
				MTL_FAST_MATH = YES;
				ONLY_ACTIVE_ARCH = YES;
				SDKROOT = iphoneos;
				SWIFT_ACTIVE_COMPILATION_CONDITIONS = DEBUG;
				SWIFT_OPTIMIZATION_LEVEL = "-Onone";
			};
			name = Debug;
		};
		C1A0C2FB2BD4BAA800BD78BA /* Release */ = {
			isa = XCBuildConfiguration;
			buildSettings = {
				ALWAYS_SEARCH_USER_PATHS = NO;
				CLANG_ANALYZER_NONNULL = YES;
				CLANG_ANALYZER_NUMBER_OBJECT_CONVERSION = YES_AGGRESSIVE;
				CLANG_CXX_LANGUAGE_STANDARD = "gnu++14";
				CLANG_CXX_LIBRARY = "libc++";
				CLANG_ENABLE_MODULES = YES;
				CLANG_ENABLE_OBJC_ARC = YES;
				CLANG_ENABLE_OBJC_WEAK = YES;
				CLANG_WARN_BLOCK_CAPTURE_AUTORELEASING = YES;
				CLANG_WARN_BOOL_CONVERSION = YES;
				CLANG_WARN_COMMA = YES;
				CLANG_WARN_CONSTANT_CONVERSION = YES;
				CLANG_WARN_DEPRECATED_OBJC_IMPLEMENTATIONS = YES;
				CLANG_WARN_DIRECT_OBJC_ISA_USAGE = YES_ERROR;
				CLANG_WARN_DOCUMENTATION_COMMENTS = YES;
				CLANG_WARN_EMPTY_BODY = YES;
				CLANG_WARN_ENUM_CONVERSION = YES;
				CLANG_WARN_INFINITE_RECURSION = YES;
				CLANG_WARN_INT_CONVERSION = YES;
				CLANG_WARN_NON_LITERAL_NULL_CONVERSION = YES;
				CLANG_WARN_OBJC_IMPLICIT_RETAIN_SELF = YES;
				CLANG_WARN_OBJC_LITERAL_CONVERSION = YES;
				CLANG_WARN_OBJC_ROOT_CLASS = YES_ERROR;
				CLANG_WARN_QUOTED_INCLUDE_IN_FRAMEWORK_HEADER = YES;
				CLANG_WARN_RANGE_LOOP_ANALYSIS = YES;
				CLANG_WARN_STRICT_PROTOTYPES = YES;
				CLANG_WARN_SUSPICIOUS_MOVE = YES;
				CLANG_WARN_UNGUARDED_AVAILABILITY = YES_AGGRESSIVE;
				CLANG_WARN_UNREACHABLE_CODE = YES;
				CLANG_WARN__DUPLICATE_METHOD_MATCH = YES;
				COPY_PHASE_STRIP = NO;
				DEBUG_INFORMATION_FORMAT = "dwarf-with-dsym";
				ENABLE_NS_ASSERTIONS = NO;
				ENABLE_STRICT_OBJC_MSGSEND = YES;
				GCC_C_LANGUAGE_STANDARD = gnu11;
				GCC_NO_COMMON_BLOCKS = YES;
				GCC_WARN_64_TO_32_BIT_CONVERSION = YES;
				GCC_WARN_ABOUT_RETURN_TYPE = YES_ERROR;
				GCC_WARN_UNDECLARED_SELECTOR = YES;
				GCC_WARN_UNINITIALIZED_AUTOS = YES_AGGRESSIVE;
				GCC_WARN_UNUSED_FUNCTION = YES;
				GCC_WARN_UNUSED_VARIABLE = YES;
				IPHONEOS_DEPLOYMENT_TARGET = 14.4;
				MTL_ENABLE_DEBUG_INFO = NO;
				MTL_FAST_MATH = YES;
				SDKROOT = iphoneos;
				SWIFT_COMPILATION_MODE = wholemodule;
				SWIFT_OPTIMIZATION_LEVEL = "-O";
				VALIDATE_PRODUCT = YES;
			};
			name = Release;
		};
		C1A0C2FD2BD4BAA800BD78BA /* Debug */ = {
			isa = XCBuildConfiguration;
			buildSettings = {
				ASSETCATALOG_COMPILER_APPICON_NAME = AppIcon;
				ASSETCATALOG_COMPILER_GLOBAL_ACCENT_COLOR_NAME = AccentColor;
				CODE_SIGN_STYLE = Automatic;
				INFOPLIST_FILE = GroupManager/Info.plist;
				LD_RUNPATH_SEARCH_PATHS = (
					"$(inherited)",
					"@executable_path/Frameworks",
				);
				PRODUCT_BUNDLE_IDENTIFIER = vn.tdc.edu.GroupManager;
				PRODUCT_NAME = "$(TARGET_NAME)";
				SWIFT_VERSION = 5.0;
				TARGETED_DEVICE_FAMILY = "1,2";
			};
			name = Debug;
		};
		C1A0C2FE2BD4BAA800BD78BA /* Release */ = {
			isa = XCBuildConfiguration;
			buildSettings = {
				ASSETCATALOG_COMPILER_APPICON_NAME = AppIcon;
				ASSETCATALOG_COMPILER_GLOBAL_ACCENT_COLOR_NAME = AccentColor;
				CODE_SIGN_STYLE = Automatic;
				INFOPLIST_FILE = GroupManager/Info.plist;
				LD_RUNPATH_SEARCH_PATHS = (
					"$(inherited)",
					"@executable_path/Frameworks",
				);
				PRODUCT_BUNDLE_IDENTIFIER = vn.tdc.edu.GroupManager;
				PRODUCT_NAME = "$(TARGET_NAME)";
				SWIFT_VERSION = 5.0;
				TARGETED_DEVICE_FAMILY = "1,2";
			};
			name = Release;
		};
/* End XCBuildConfiguration section */

/* Begin XCConfigurationList section */
		C1A0C2E32BD4BAA500BD78BA /* Build configuration list for PBXProject "GroupManager" */ = {
			isa = XCConfigurationList;
			buildConfigurations = (
				C1A0C2FA2BD4BAA800BD78BA /* Debug */,
				C1A0C2FB2BD4BAA800BD78BA /* Release */,
			);
			defaultConfigurationIsVisible = 0;
			defaultConfigurationName = Release;
		};
		C1A0C2FC2BD4BAA800BD78BA /* Build configuration list for PBXNativeTarget "GroupManager" */ = {
			isa = XCConfigurationList;
			buildConfigurations = (
				C1A0C2FD2BD4BAA800BD78BA /* Debug */,
				C1A0C2FE2BD4BAA800BD78BA /* Release */,
			);
			defaultConfigurationIsVisible = 0;
			defaultConfigurationName = Release;
		};
/* End XCConfigurationList section */

/* Begin XCRemoteSwiftPackageReference section */
		C19343C92BD79D4A009217CF /* XCRemoteSwiftPackageReference "firebase-ios-sdk" */ = {
			isa = XCRemoteSwiftPackageReference;
			repositoryURL = "https://github.com/firebase/firebase-ios-sdk";
			requirement = {
				kind = upToNextMajorVersion;
				minimumVersion = 7.10.0;
			};
		};
/* End XCRemoteSwiftPackageReference section */

/* Begin XCSwiftPackageProductDependency section */
		C19343CA2BD79D4A009217CF /* FirebaseAnalytics */ = {
			isa = XCSwiftPackageProductDependency;
			package = C19343C92BD79D4A009217CF /* XCRemoteSwiftPackageReference "firebase-ios-sdk" */;
			productName = FirebaseAnalytics;
		};
		C19343CC2BD79D4A009217CF /* FirebaseStorage */ = {
			isa = XCSwiftPackageProductDependency;
			package = C19343C92BD79D4A009217CF /* XCRemoteSwiftPackageReference "firebase-ios-sdk" */;
			productName = FirebaseStorage;
		};
		C19343CE2BD79D4A009217CF /* FirebaseAuth */ = {
			isa = XCSwiftPackageProductDependency;
			package = C19343C92BD79D4A009217CF /* XCRemoteSwiftPackageReference "firebase-ios-sdk" */;
			productName = FirebaseAuth;
		};
		C19343D02BD79D4A009217CF /* FirebaseFirestore */ = {
			isa = XCSwiftPackageProductDependency;
			package = C19343C92BD79D4A009217CF /* XCRemoteSwiftPackageReference "firebase-ios-sdk" */;
			productName = FirebaseFirestore;
		};
		C19343D22BD79D4A009217CF /* FirebaseDatabase */ = {
			isa = XCSwiftPackageProductDependency;
			package = C19343C92BD79D4A009217CF /* XCRemoteSwiftPackageReference "firebase-ios-sdk" */;
			productName = FirebaseDatabase;
		};
/* End XCSwiftPackageProductDependency section */
	};
	rootObject = C1A0C2E02BD4BAA500BD78BA /* Project object */;
}
